
Microsoft Visual Studio Solution File, Format Version 12.00
# Visual Studio 15
VisualStudioVersion = 15.0.27703.2018
MinimumVisualStudioVersion = 10.0.40219.1
Project("{FAE04EC0-301F-11D3-BF4B-00C04F79EFBC}") = "Forces", "WindowsFormsApp2\Forces.csproj", "{0F8AF146-A2DD-42F9-AE5B-B5023506125D}"
EndProject
Global
	GlobalSection(SolutionConfigurationPlatforms) = preSolution
		Debug|Any CPU = Debug|Any CPU
		Release|Any CPU = Release|Any CPU
	EndGlobalSection
	GlobalSection(ProjectConfigurationPlatforms) = postSolution
		{0F8AF146-A2DD-42F9-AE5B-B5023506125D}.Debug|Any CPU.ActiveCfg = Debug|Any CPU
		{0F8AF146-A2DD-42F9-AE5B-B5023506125D}.Debug|Any CPU.Build.0 = Debug|Any CPU
		{0F8AF146-A2DD-42F9-AE5B-B5023506125D}.Release|Any CPU.ActiveCfg = Release|Any CPU
		{0F8AF146-A2DD-42F9-AE5B-B5023506125D}.Release|Any CPU.Build.0 = Release|Any CPU
	EndGlobalSection
	GlobalSection(SolutionProperties) = preSolution
		HideSolutionNode = FALSE
	EndGlobalSection
	GlobalSection(ExtensibilityGlobals) = postSolution
		SolutionGuid = {DA4EF41E-CDE4-47BD-A67B-012408D5ECC5}
	EndGlobalSection
EndGlobal
